
Microsoft Visual Studio Solution File, Format Version 12.00
# Visual Studio Version 16
VisualStudioVersion = 16.0.29006.145
MinimumVisualStudioVersion = 15.0.26124.0
Project("{2150E333-8FDC-42A3-9474-1A3956D46DE8}") = "src", "src", "{8FFDF555-DB50-45F9-9A2D-6410F39151C3}"
	ProjectSection(SolutionItems) = preProject
		src\Directory.Build.props = src\Directory.Build.props
		src\Directory.Build.targets = src\Directory.Build.targets
	EndProjectSection
EndProject
Project("{2150E333-8FDC-42A3-9474-1A3956D46DE8}") = "test", "test", "{DF33E0FB-9790-4654-B60F-8AB22E0CC3D1}"
	ProjectSection(SolutionItems) = preProject
		test\Directory.Build.props = test\Directory.Build.props
		test\Directory.Build.targets = test\Directory.Build.targets
	EndProjectSection
EndProject
Project("{9A19103F-16F7-4668-BE54-9A1E7A4F7556}") = ".build", ".build\.build.csproj", "{55EFAE2F-A7CA-4917-A381-4A6EF5E79610}"
EndProject
Project("{2150E333-8FDC-42A3-9474-1A3956D46DE8}") = ".build", ".build", "{E3DCB78E-EE06-4EA3-88AC-762D8910387C}"
EndProject
Project("{FAE04EC0-301F-11D3-BF4B-00C04F79EFBC}") = "Rocket.Surgery.Extensions.FluentValidation", "src\FluentValidation\Rocket.Surgery.Extensions.FluentValidation.csproj", "{642690BA-27E1-4B2F-A2A2-6A4AA862B657}"
EndProject
Project("{FAE04EC0-301F-11D3-BF4B-00C04F79EFBC}") = "Rocket.Surgery.Extensions.FluentValidation.Tests", "test\Tests\Rocket.Surgery.Extensions.FluentValidation.Tests.csproj", "{79F46DCD-5595-4639-96A4-B3146520DF97}"
EndProject
Project("{FAE04EC0-301F-11D3-BF4B-00C04F79EFBC}") = "Rocket.Surgery.Extensions.FluentValidation.MediatR", "src\MediatR\Rocket.Surgery.Extensions.FluentValidation.MediatR.csproj", "{CE674276-680E-4A02-9FE4-E5E16914C656}"
EndProject
Project("{FAE04EC0-301F-11D3-BF4B-00C04F79EFBC}") = "Rocket.Surgery.AspNetCore.FluentValidation", "src\AspNetCore\Rocket.Surgery.AspNetCore.FluentValidation.csproj", "{CCB4557D-4E00-4310-A377-3AE984AB87E8}"
EndProject
Project("{FAE04EC0-301F-11D3-BF4B-00C04F79EFBC}") = "Rocket.Surgery.AspNetCore.FluentValidation.MediatR", "src\MediatR.AspNetCore\Rocket.Surgery.AspNetCore.FluentValidation.MediatR.csproj", "{B3C9EFD7-813F-4B44-B6AA-CF1A3E032218}"
EndProject
Project("{FAE04EC0-301F-11D3-BF4B-00C04F79EFBC}") = "Rocket.Surgery.AspNetCore.FluentValidation.NewtonsoftJson", "src\AspNetCore.NewtonsoftJson\Rocket.Surgery.AspNetCore.FluentValidation.NewtonsoftJson.csproj", "{A1913C85-51EE-46D2-A516-1EFCD772B448}"
EndProject
Global
	GlobalSection(SolutionConfigurationPlatforms) = preSolution
		Debug|Any CPU = Debug|Any CPU
		Debug|x64 = Debug|x64
		Debug|x86 = Debug|x86
		Release|Any CPU = Release|Any CPU
		Release|x64 = Release|x64
		Release|x86 = Release|x86
	EndGlobalSection
	GlobalSection(ProjectConfigurationPlatforms) = postSolution
		{55EFAE2F-A7CA-4917-A381-4A6EF5E79610}.Debug|Any CPU.ActiveCfg = Debug|Any CPU
		{55EFAE2F-A7CA-4917-A381-4A6EF5E79610}.Debug|x64.ActiveCfg = Debug|Any CPU
		{55EFAE2F-A7CA-4917-A381-4A6EF5E79610}.Debug|x64.Build.0 = Debug|Any CPU
		{55EFAE2F-A7CA-4917-A381-4A6EF5E79610}.Debug|x86.ActiveCfg = Debug|Any CPU
		{55EFAE2F-A7CA-4917-A381-4A6EF5E79610}.Debug|x86.Build.0 = Debug|Any CPU
		{55EFAE2F-A7CA-4917-A381-4A6EF5E79610}.Release|Any CPU.ActiveCfg = Release|Any CPU
		{55EFAE2F-A7CA-4917-A381-4A6EF5E79610}.Release|x64.ActiveCfg = Release|Any CPU
		{55EFAE2F-A7CA-4917-A381-4A6EF5E79610}.Release|x64.Build.0 = Release|Any CPU
		{55EFAE2F-A7CA-4917-A381-4A6EF5E79610}.Release|x86.ActiveCfg = Release|Any CPU
		{55EFAE2F-A7CA-4917-A381-4A6EF5E79610}.Release|x86.Build.0 = Release|Any CPU
		{642690BA-27E1-4B2F-A2A2-6A4AA862B657}.Debug|Any CPU.ActiveCfg = Debug|Any CPU
		{642690BA-27E1-4B2F-A2A2-6A4AA862B657}.Debug|Any CPU.Build.0 = Debug|Any CPU
		{642690BA-27E1-4B2F-A2A2-6A4AA862B657}.Debug|x64.ActiveCfg = Debug|Any CPU
		{642690BA-27E1-4B2F-A2A2-6A4AA862B657}.Debug|x64.Build.0 = Debug|Any CPU
		{642690BA-27E1-4B2F-A2A2-6A4AA862B657}.Debug|x86.ActiveCfg = Debug|Any CPU
		{642690BA-27E1-4B2F-A2A2-6A4AA862B657}.Debug|x86.Build.0 = Debug|Any CPU
		{642690BA-27E1-4B2F-A2A2-6A4AA862B657}.Release|Any CPU.ActiveCfg = Release|Any CPU
		{642690BA-27E1-4B2F-A2A2-6A4AA862B657}.Release|Any CPU.Build.0 = Release|Any CPU
		{642690BA-27E1-4B2F-A2A2-6A4AA862B657}.Release|x64.ActiveCfg = Release|Any CPU
		{642690BA-27E1-4B2F-A2A2-6A4AA862B657}.Release|x64.Build.0 = Release|Any CPU
		{642690BA-27E1-4B2F-A2A2-6A4AA862B657}.Release|x86.ActiveCfg = Release|Any CPU
		{642690BA-27E1-4B2F-A2A2-6A4AA862B657}.Release|x86.Build.0 = Release|Any CPU
		{79F46DCD-5595-4639-96A4-B3146520DF97}.Debug|Any CPU.ActiveCfg = Debug|Any CPU
		{79F46DCD-5595-4639-96A4-B3146520DF97}.Debug|Any CPU.Build.0 = Debug|Any CPU
		{79F46DCD-5595-4639-96A4-B3146520DF97}.Debug|x64.ActiveCfg = Debug|Any CPU
		{79F46DCD-5595-4639-96A4-B3146520DF97}.Debug|x64.Build.0 = Debug|Any CPU
		{79F46DCD-5595-4639-96A4-B3146520DF97}.Debug|x86.ActiveCfg = Debug|Any CPU
		{79F46DCD-5595-4639-96A4-B3146520DF97}.Debug|x86.Build.0 = Debug|Any CPU
		{79F46DCD-5595-4639-96A4-B3146520DF97}.Release|Any CPU.ActiveCfg = Release|Any CPU
		{79F46DCD-5595-4639-96A4-B3146520DF97}.Release|Any CPU.Build.0 = Release|Any CPU
		{79F46DCD-5595-4639-96A4-B3146520DF97}.Release|x64.ActiveCfg = Release|Any CPU
		{79F46DCD-5595-4639-96A4-B3146520DF97}.Release|x64.Build.0 = Release|Any CPU
		{79F46DCD-5595-4639-96A4-B3146520DF97}.Release|x86.ActiveCfg = Release|Any CPU
		{79F46DCD-5595-4639-96A4-B3146520DF97}.Release|x86.Build.0 = Release|Any CPU
		{CE674276-680E-4A02-9FE4-E5E16914C656}.Debug|Any CPU.ActiveCfg = Debug|Any CPU
		{CE674276-680E-4A02-9FE4-E5E16914C656}.Debug|Any CPU.Build.0 = Debug|Any CPU
		{CE674276-680E-4A02-9FE4-E5E16914C656}.Debug|x64.ActiveCfg = Debug|Any CPU
		{CE674276-680E-4A02-9FE4-E5E16914C656}.Debug|x64.Build.0 = Debug|Any CPU
		{CE674276-680E-4A02-9FE4-E5E16914C656}.Debug|x86.ActiveCfg = Debug|Any CPU
		{CE674276-680E-4A02-9FE4-E5E16914C656}.Debug|x86.Build.0 = Debug|Any CPU
		{CE674276-680E-4A02-9FE4-E5E16914C656}.Release|Any CPU.ActiveCfg = Release|Any CPU
		{CE674276-680E-4A02-9FE4-E5E16914C656}.Release|Any CPU.Build.0 = Release|Any CPU
		{CE674276-680E-4A02-9FE4-E5E16914C656}.Release|x64.ActiveCfg = Release|Any CPU
		{CE674276-680E-4A02-9FE4-E5E16914C656}.Release|x64.Build.0 = Release|Any CPU
		{CE674276-680E-4A02-9FE4-E5E16914C656}.Release|x86.ActiveCfg = Release|Any CPU
		{CE674276-680E-4A02-9FE4-E5E16914C656}.Release|x86.Build.0 = Release|Any CPU
		{CCB4557D-4E00-4310-A377-3AE984AB87E8}.Debug|Any CPU.ActiveCfg = Debug|Any CPU
		{CCB4557D-4E00-4310-A377-3AE984AB87E8}.Debug|Any CPU.Build.0 = Debug|Any CPU
		{CCB4557D-4E00-4310-A377-3AE984AB87E8}.Debug|x64.ActiveCfg = Debug|Any CPU
		{CCB4557D-4E00-4310-A377-3AE984AB87E8}.Debug|x64.Build.0 = Debug|Any CPU
		{CCB4557D-4E00-4310-A377-3AE984AB87E8}.Debug|x86.ActiveCfg = Debug|Any CPU
		{CCB4557D-4E00-4310-A377-3AE984AB87E8}.Debug|x86.Build.0 = Debug|Any CPU
		{CCB4557D-4E00-4310-A377-3AE984AB87E8}.Release|Any CPU.ActiveCfg = Release|Any CPU
		{CCB4557D-4E00-4310-A377-3AE984AB87E8}.Release|Any CPU.Build.0 = Release|Any CPU
		{CCB4557D-4E00-4310-A377-3AE984AB87E8}.Release|x64.ActiveCfg = Release|Any CPU
		{CCB4557D-4E00-4310-A377-3AE984AB87E8}.Release|x64.Build.0 = Release|Any CPU
		{CCB4557D-4E00-4310-A377-3AE984AB87E8}.Release|x86.ActiveCfg = Release|Any CPU
		{CCB4557D-4E00-4310-A377-3AE984AB87E8}.Release|x86.Build.0 = Release|Any CPU
		{B3C9EFD7-813F-4B44-B6AA-CF1A3E032218}.Debug|Any CPU.ActiveCfg = Debug|Any CPU
		{B3C9EFD7-813F-4B44-B6AA-CF1A3E032218}.Debug|Any CPU.Build.0 = Debug|Any CPU
		{B3C9EFD7-813F-4B44-B6AA-CF1A3E032218}.Debug|x64.ActiveCfg = Debug|Any CPU
		{B3C9EFD7-813F-4B44-B6AA-CF1A3E032218}.Debug|x64.Build.0 = Debug|Any CPU
		{B3C9EFD7-813F-4B44-B6AA-CF1A3E032218}.Debug|x86.ActiveCfg = Debug|Any CPU
		{B3C9EFD7-813F-4B44-B6AA-CF1A3E032218}.Debug|x86.Build.0 = Debug|Any CPU
		{B3C9EFD7-813F-4B44-B6AA-CF1A3E032218}.Release|Any CPU.ActiveCfg = Release|Any CPU
		{B3C9EFD7-813F-4B44-B6AA-CF1A3E032218}.Release|Any CPU.Build.0 = Release|Any CPU
		{B3C9EFD7-813F-4B44-B6AA-CF1A3E032218}.Release|x64.ActiveCfg = Release|Any CPU
		{B3C9EFD7-813F-4B44-B6AA-CF1A3E032218}.Release|x64.Build.0 = Release|Any CPU
		{B3C9EFD7-813F-4B44-B6AA-CF1A3E032218}.Release|x86.ActiveCfg = Release|Any CPU
		{B3C9EFD7-813F-4B44-B6AA-CF1A3E032218}.Release|x86.Build.0 = Release|Any CPU
		{A1913C85-51EE-46D2-A516-1EFCD772B448}.Debug|Any CPU.ActiveCfg = Debug|Any CPU
		{A1913C85-51EE-46D2-A516-1EFCD772B448}.Debug|Any CPU.Build.0 = Debug|Any CPU
		{A1913C85-51EE-46D2-A516-1EFCD772B448}.Debug|x64.ActiveCfg = Debug|Any CPU
		{A1913C85-51EE-46D2-A516-1EFCD772B448}.Debug|x64.Build.0 = Debug|Any CPU
		{A1913C85-51EE-46D2-A516-1EFCD772B448}.Debug|x86.ActiveCfg = Debug|Any CPU
		{A1913C85-51EE-46D2-A516-1EFCD772B448}.Debug|x86.Build.0 = Debug|Any CPU
		{A1913C85-51EE-46D2-A516-1EFCD772B448}.Release|Any CPU.ActiveCfg = Release|Any CPU
		{A1913C85-51EE-46D2-A516-1EFCD772B448}.Release|Any CPU.Build.0 = Release|Any CPU
		{A1913C85-51EE-46D2-A516-1EFCD772B448}.Release|x64.ActiveCfg = Release|Any CPU
		{A1913C85-51EE-46D2-A516-1EFCD772B448}.Release|x64.Build.0 = Release|Any CPU
		{A1913C85-51EE-46D2-A516-1EFCD772B448}.Release|x86.ActiveCfg = Release|Any CPU
		{A1913C85-51EE-46D2-A516-1EFCD772B448}.Release|x86.Build.0 = Release|Any CPU
	EndGlobalSection
	GlobalSection(SolutionProperties) = preSolution
		HideSolutionNode = FALSE
	EndGlobalSection
	GlobalSection(NestedProjects) = preSolution
		{55EFAE2F-A7CA-4917-A381-4A6EF5E79610} = {E3DCB78E-EE06-4EA3-88AC-762D8910387C}
		{642690BA-27E1-4B2F-A2A2-6A4AA862B657} = {8FFDF555-DB50-45F9-9A2D-6410F39151C3}
		{79F46DCD-5595-4639-96A4-B3146520DF97} = {DF33E0FB-9790-4654-B60F-8AB22E0CC3D1}
		{CE674276-680E-4A02-9FE4-E5E16914C656} = {8FFDF555-DB50-45F9-9A2D-6410F39151C3}
		{CCB4557D-4E00-4310-A377-3AE984AB87E8} = {8FFDF555-DB50-45F9-9A2D-6410F39151C3}
		{B3C9EFD7-813F-4B44-B6AA-CF1A3E032218} = {8FFDF555-DB50-45F9-9A2D-6410F39151C3}
		{A1913C85-51EE-46D2-A516-1EFCD772B448} = {8FFDF555-DB50-45F9-9A2D-6410F39151C3}
	EndGlobalSection
	GlobalSection(ExtensibilityGlobals) = postSolution
		SolutionGuid = {439897C2-CCBD-44FE-B2DC-A3E4670ADA59}
	EndGlobalSection
EndGlobal
